
Microsoft Visual Studio Solution File, Format Version 12.00
# Visual Studio Version 17
VisualStudioVersion = 17.5.33502.453
MinimumVisualStudioVersion = 10.0.40219.1
Project("{8BC9CEB8-8B4A-11D0-8D11-00A0C91BC942}") = "Lab04_SortedBag", "Lab04_SortedBag\Lab04_SortedBag.vcxproj", "{1C04C20C-29C0-4A39-8C8E-F1A8C6030D68}"
EndProject
Global
	GlobalSection(SolutionConfigurationPlatforms) = preSolution
		Debug|x64 = Debug|x64
		Debug|x86 = Debug|x86
		Release|x64 = Release|x64
		Release|x86 = Release|x86
	EndGlobalSection
	GlobalSection(ProjectConfigurationPlatforms) = postSolution
		{1C04C20C-29C0-4A39-8C8E-F1A8C6030D68}.Debug|x64.ActiveCfg = Debug|x64
		{1C04C20C-29C0-4A39-8C8E-F1A8C6030D68}.Debug|x64.Build.0 = Debug|x64
		{1C04C20C-29C0-4A39-8C8E-F1A8C6030D68}.Debug|x86.ActiveCfg = Debug|Win32
		{1C04C20C-29C0-4A39-8C8E-F1A8C6030D68}.Debug|x86.Build.0 = Debug|Win32
		{1C04C20C-29C0-4A39-8C8E-F1A8C6030D68}.Release|x64.ActiveCfg = Release|x64
		{1C04C20C-29C0-4A39-8C8E-F1A8C6030D68}.Release|x64.Build.0 = Release|x64
		{1C04C20C-29C0-4A39-8C8E-F1A8C6030D68}.Release|x86.ActiveCfg = Release|Win32
		{1C04C20C-29C0-4A39-8C8E-F1A8C6030D68}.Release|x86.Build.0 = Release|Win32
	EndGlobalSection
	GlobalSection(SolutionProperties) = preSolution
		HideSolutionNode = FALSE
	EndGlobalSection
	GlobalSection(ExtensibilityGlobals) = postSolution
		SolutionGuid = {30E3B766-3A39-4B29-984A-321773D59F7B}
	EndGlobalSection
EndGlobal
